
Microsoft Visual Studio Solution File, Format Version 12.00
# Visual Studio Version 17
VisualStudioVersion = 17.0.32014.148
MinimumVisualStudioVersion = 10.0.40219.1
Project("{9A19103F-16F7-4668-BE54-9A1E7A4F7556}") = "PowerShellLog", "PowerShellLog\PowerShellLog.csproj", "{5DAFF76A-D260-405C-986B-8C61AA8A4B22}"
EndProject
Project("{9A19103F-16F7-4668-BE54-9A1E7A4F7556}") = "PowerShellLog.Db", "PowerShellLog.Db\PowerShellLog.Db.csproj", "{9F849682-6EA6-4039-8DC0-50F36D4F38F7}"
EndProject
Project("{9A19103F-16F7-4668-BE54-9A1E7A4F7556}") = "AAV.Sys", "..\..\AAV.Shared\Src\Net6.0\AAV.Sys\AAV.Sys.csproj", "{A1D844FF-2034-4B29-B965-786AF3D3480A}"
EndProject
Project("{9A19103F-16F7-4668-BE54-9A1E7A4F7556}") = "AAV.WPF", "..\..\AAV.Shared\Src\Net6.0\AAV.WPF\AAV.WPF.csproj", "{FD02C775-8E3F-4497-BBCA-A8BF3B0C435C}"
EndProject
Project("{9A19103F-16F7-4668-BE54-9A1E7A4F7556}") = "AAV.UI", "..\..\AAV.Shared\Src\Net6.0\AAV.UI\AAV.UI.csproj", "{A7C82FB3-5445-4217-97DA-85C4EE4AA436}"
EndProject
Project("{9A19103F-16F7-4668-BE54-9A1E7A4F7556}") = "DiStartupHelper", "DiStartupHelper\DiStartupHelper.csproj", "{41F1D07D-AFF2-4A2A-8460-B82AD4F43484}"
EndProject
Project("{9A19103F-16F7-4668-BE54-9A1E7A4F7556}") = "CI.Standard.Lib", "..\..\CI-Reimagined-Invention\Src\CI-RI\CI.Standard.Lib\CI.Standard.Lib.csproj", "{A3E4230E-60DB-48D4-BABC-172F884D611F}"
EndProject
Project("{9A19103F-16F7-4668-BE54-9A1E7A4F7556}") = "CI.Visual.Lib", "..\..\CI-Reimagined-Invention\Src\CI-RI\CI.Visual.Lib\CI.Visual.Lib.csproj", "{5C78ABE9-58CB-4D1F-B3E7-E5ACEE047D1A}"
EndProject
Global
	GlobalSection(SolutionConfigurationPlatforms) = preSolution
		Debug|Any CPU = Debug|Any CPU
		Debug|x64 = Debug|x64
		Debug|x86 = Debug|x86
		Release|Any CPU = Release|Any CPU
		Release|x64 = Release|x64
		Release|x86 = Release|x86
	EndGlobalSection
	GlobalSection(ProjectConfigurationPlatforms) = postSolution
		{5DAFF76A-D260-405C-986B-8C61AA8A4B22}.Debug|Any CPU.ActiveCfg = Debug|Any CPU
		{5DAFF76A-D260-405C-986B-8C61AA8A4B22}.Debug|Any CPU.Build.0 = Debug|Any CPU
		{5DAFF76A-D260-405C-986B-8C61AA8A4B22}.Debug|x64.ActiveCfg = Debug|x64
		{5DAFF76A-D260-405C-986B-8C61AA8A4B22}.Debug|x64.Build.0 = Debug|x64
		{5DAFF76A-D260-405C-986B-8C61AA8A4B22}.Debug|x86.ActiveCfg = Debug|Any CPU
		{5DAFF76A-D260-405C-986B-8C61AA8A4B22}.Debug|x86.Build.0 = Debug|Any CPU
		{5DAFF76A-D260-405C-986B-8C61AA8A4B22}.Release|Any CPU.ActiveCfg = Release|Any CPU
		{5DAFF76A-D260-405C-986B-8C61AA8A4B22}.Release|Any CPU.Build.0 = Release|Any CPU
		{5DAFF76A-D260-405C-986B-8C61AA8A4B22}.Release|x64.ActiveCfg = Release|x64
		{5DAFF76A-D260-405C-986B-8C61AA8A4B22}.Release|x64.Build.0 = Release|x64
		{5DAFF76A-D260-405C-986B-8C61AA8A4B22}.Release|x86.ActiveCfg = Release|Any CPU
		{5DAFF76A-D260-405C-986B-8C61AA8A4B22}.Release|x86.Build.0 = Release|Any CPU
		{9F849682-6EA6-4039-8DC0-50F36D4F38F7}.Debug|Any CPU.ActiveCfg = Debug|Any CPU
		{9F849682-6EA6-4039-8DC0-50F36D4F38F7}.Debug|Any CPU.Build.0 = Debug|Any CPU
		{9F849682-6EA6-4039-8DC0-50F36D4F38F7}.Debug|x64.ActiveCfg = Debug|x64
		{9F849682-6EA6-4039-8DC0-50F36D4F38F7}.Debug|x64.Build.0 = Debug|x64
		{9F849682-6EA6-4039-8DC0-50F36D4F38F7}.Debug|x86.ActiveCfg = Debug|Any CPU
		{9F849682-6EA6-4039-8DC0-50F36D4F38F7}.Debug|x86.Build.0 = Debug|Any CPU
		{9F849682-6EA6-4039-8DC0-50F36D4F38F7}.Release|Any CPU.ActiveCfg = Release|Any CPU
		{9F849682-6EA6-4039-8DC0-50F36D4F38F7}.Release|Any CPU.Build.0 = Release|Any CPU
		{9F849682-6EA6-4039-8DC0-50F36D4F38F7}.Release|x64.ActiveCfg = Release|x64
		{9F849682-6EA6-4039-8DC0-50F36D4F38F7}.Release|x64.Build.0 = Release|x64
		{9F849682-6EA6-4039-8DC0-50F36D4F38F7}.Release|x86.ActiveCfg = Release|Any CPU
		{9F849682-6EA6-4039-8DC0-50F36D4F38F7}.Release|x86.Build.0 = Release|Any CPU
		{A1D844FF-2034-4B29-B965-786AF3D3480A}.Debug|Any CPU.ActiveCfg = Debug|Any CPU
		{A1D844FF-2034-4B29-B965-786AF3D3480A}.Debug|Any CPU.Build.0 = Debug|Any CPU
		{A1D844FF-2034-4B29-B965-786AF3D3480A}.Debug|x64.ActiveCfg = Debug|Any CPU
		{A1D844FF-2034-4B29-B965-786AF3D3480A}.Debug|x64.Build.0 = Debug|Any CPU
		{A1D844FF-2034-4B29-B965-786AF3D3480A}.Debug|x86.ActiveCfg = Debug|Any CPU
		{A1D844FF-2034-4B29-B965-786AF3D3480A}.Debug|x86.Build.0 = Debug|Any CPU
		{A1D844FF-2034-4B29-B965-786AF3D3480A}.Release|Any CPU.ActiveCfg = Release|Any CPU
		{A1D844FF-2034-4B29-B965-786AF3D3480A}.Release|Any CPU.Build.0 = Release|Any CPU
		{A1D844FF-2034-4B29-B965-786AF3D3480A}.Release|x64.ActiveCfg = Release|Any CPU
		{A1D844FF-2034-4B29-B965-786AF3D3480A}.Release|x64.Build.0 = Release|Any CPU
		{A1D844FF-2034-4B29-B965-786AF3D3480A}.Release|x86.ActiveCfg = Release|Any CPU
		{A1D844FF-2034-4B29-B965-786AF3D3480A}.Release|x86.Build.0 = Release|Any CPU
		{FD02C775-8E3F-4497-BBCA-A8BF3B0C435C}.Debug|Any CPU.ActiveCfg = Debug|Any CPU
		{FD02C775-8E3F-4497-BBCA-A8BF3B0C435C}.Debug|Any CPU.Build.0 = Debug|Any CPU
		{FD02C775-8E3F-4497-BBCA-A8BF3B0C435C}.Debug|x64.ActiveCfg = Debug|Any CPU
		{FD02C775-8E3F-4497-BBCA-A8BF3B0C435C}.Debug|x64.Build.0 = Debug|Any CPU
		{FD02C775-8E3F-4497-BBCA-A8BF3B0C435C}.Debug|x86.ActiveCfg = Debug|Any CPU
		{FD02C775-8E3F-4497-BBCA-A8BF3B0C435C}.Debug|x86.Build.0 = Debug|Any CPU
		{FD02C775-8E3F-4497-BBCA-A8BF3B0C435C}.Release|Any CPU.ActiveCfg = Release|Any CPU
		{FD02C775-8E3F-4497-BBCA-A8BF3B0C435C}.Release|Any CPU.Build.0 = Release|Any CPU
		{FD02C775-8E3F-4497-BBCA-A8BF3B0C435C}.Release|x64.ActiveCfg = Release|Any CPU
		{FD02C775-8E3F-4497-BBCA-A8BF3B0C435C}.Release|x64.Build.0 = Release|Any CPU
		{FD02C775-8E3F-4497-BBCA-A8BF3B0C435C}.Release|x86.ActiveCfg = Release|Any CPU
		{FD02C775-8E3F-4497-BBCA-A8BF3B0C435C}.Release|x86.Build.0 = Release|Any CPU
		{A7C82FB3-5445-4217-97DA-85C4EE4AA436}.Debug|Any CPU.ActiveCfg = Debug|Any CPU
		{A7C82FB3-5445-4217-97DA-85C4EE4AA436}.Debug|Any CPU.Build.0 = Debug|Any CPU
		{A7C82FB3-5445-4217-97DA-85C4EE4AA436}.Debug|x64.ActiveCfg = Debug|x64
		{A7C82FB3-5445-4217-97DA-85C4EE4AA436}.Debug|x64.Build.0 = Debug|x64
		{A7C82FB3-5445-4217-97DA-85C4EE4AA436}.Debug|x86.ActiveCfg = Debug|Any CPU
		{A7C82FB3-5445-4217-97DA-85C4EE4AA436}.Debug|x86.Build.0 = Debug|Any CPU
		{A7C82FB3-5445-4217-97DA-85C4EE4AA436}.Release|Any CPU.ActiveCfg = Release|Any CPU
		{A7C82FB3-5445-4217-97DA-85C4EE4AA436}.Release|Any CPU.Build.0 = Release|Any CPU
		{A7C82FB3-5445-4217-97DA-85C4EE4AA436}.Release|x64.ActiveCfg = Release|x64
		{A7C82FB3-5445-4217-97DA-85C4EE4AA436}.Release|x64.Build.0 = Release|x64
		{A7C82FB3-5445-4217-97DA-85C4EE4AA436}.Release|x86.ActiveCfg = Release|Any CPU
		{A7C82FB3-5445-4217-97DA-85C4EE4AA436}.Release|x86.Build.0 = Release|Any CPU
		{41F1D07D-AFF2-4A2A-8460-B82AD4F43484}.Debug|Any CPU.ActiveCfg = Debug|Any CPU
		{41F1D07D-AFF2-4A2A-8460-B82AD4F43484}.Debug|Any CPU.Build.0 = Debug|Any CPU
		{41F1D07D-AFF2-4A2A-8460-B82AD4F43484}.Debug|x64.ActiveCfg = Debug|Any CPU
		{41F1D07D-AFF2-4A2A-8460-B82AD4F43484}.Debug|x64.Build.0 = Debug|Any CPU
		{41F1D07D-AFF2-4A2A-8460-B82AD4F43484}.Debug|x86.ActiveCfg = Debug|Any CPU
		{41F1D07D-AFF2-4A2A-8460-B82AD4F43484}.Debug|x86.Build.0 = Debug|Any CPU
		{41F1D07D-AFF2-4A2A-8460-B82AD4F43484}.Release|Any CPU.ActiveCfg = Release|Any CPU
		{41F1D07D-AFF2-4A2A-8460-B82AD4F43484}.Release|Any CPU.Build.0 = Release|Any CPU
		{41F1D07D-AFF2-4A2A-8460-B82AD4F43484}.Release|x64.ActiveCfg = Release|Any CPU
		{41F1D07D-AFF2-4A2A-8460-B82AD4F43484}.Release|x64.Build.0 = Release|Any CPU
		{41F1D07D-AFF2-4A2A-8460-B82AD4F43484}.Release|x86.ActiveCfg = Release|Any CPU
		{41F1D07D-AFF2-4A2A-8460-B82AD4F43484}.Release|x86.Build.0 = Release|Any CPU
		{A3E4230E-60DB-48D4-BABC-172F884D611F}.Debug|Any CPU.ActiveCfg = Debug|Any CPU
		{A3E4230E-60DB-48D4-BABC-172F884D611F}.Debug|Any CPU.Build.0 = Debug|Any CPU
		{A3E4230E-60DB-48D4-BABC-172F884D611F}.Debug|x64.ActiveCfg = Debug|x64
		{A3E4230E-60DB-48D4-BABC-172F884D611F}.Debug|x64.Build.0 = Debug|x64
		{A3E4230E-60DB-48D4-BABC-172F884D611F}.Debug|x86.ActiveCfg = Debug|x86
		{A3E4230E-60DB-48D4-BABC-172F884D611F}.Debug|x86.Build.0 = Debug|x86
		{A3E4230E-60DB-48D4-BABC-172F884D611F}.Release|Any CPU.ActiveCfg = Release|Any CPU
		{A3E4230E-60DB-48D4-BABC-172F884D611F}.Release|Any CPU.Build.0 = Release|Any CPU
		{A3E4230E-60DB-48D4-BABC-172F884D611F}.Release|x64.ActiveCfg = Release|x64
		{A3E4230E-60DB-48D4-BABC-172F884D611F}.Release|x64.Build.0 = Release|x64
		{A3E4230E-60DB-48D4-BABC-172F884D611F}.Release|x86.ActiveCfg = Release|x86
		{A3E4230E-60DB-48D4-BABC-172F884D611F}.Release|x86.Build.0 = Release|x86
		{5C78ABE9-58CB-4D1F-B3E7-E5ACEE047D1A}.Debug|Any CPU.ActiveCfg = Debug|Any CPU
		{5C78ABE9-58CB-4D1F-B3E7-E5ACEE047D1A}.Debug|Any CPU.Build.0 = Debug|Any CPU
		{5C78ABE9-58CB-4D1F-B3E7-E5ACEE047D1A}.Debug|x64.ActiveCfg = Debug|x64
		{5C78ABE9-58CB-4D1F-B3E7-E5ACEE047D1A}.Debug|x64.Build.0 = Debug|x64
		{5C78ABE9-58CB-4D1F-B3E7-E5ACEE047D1A}.Debug|x86.ActiveCfg = Debug|x86
		{5C78ABE9-58CB-4D1F-B3E7-E5ACEE047D1A}.Debug|x86.Build.0 = Debug|x86
		{5C78ABE9-58CB-4D1F-B3E7-E5ACEE047D1A}.Release|Any CPU.ActiveCfg = Release|Any CPU
		{5C78ABE9-58CB-4D1F-B3E7-E5ACEE047D1A}.Release|Any CPU.Build.0 = Release|Any CPU
		{5C78ABE9-58CB-4D1F-B3E7-E5ACEE047D1A}.Release|x64.ActiveCfg = Release|x64
		{5C78ABE9-58CB-4D1F-B3E7-E5ACEE047D1A}.Release|x64.Build.0 = Release|x64
		{5C78ABE9-58CB-4D1F-B3E7-E5ACEE047D1A}.Release|x86.ActiveCfg = Release|x86
		{5C78ABE9-58CB-4D1F-B3E7-E5ACEE047D1A}.Release|x86.Build.0 = Release|x86
	EndGlobalSection
	GlobalSection(SolutionProperties) = preSolution
		HideSolutionNode = FALSE
	EndGlobalSection
	GlobalSection(ExtensibilityGlobals) = postSolution
		SolutionGuid = {533FFFFA-3574-4259-97BC-FF202572EEEB}
	EndGlobalSection
EndGlobal
